
Microsoft Visual Studio Solution File, Format Version 10.00
# Visual C# Express 2008
Project("{FAE04EC0-301F-11D3-BF4B-00C04F79EFBC}") = "WindowsFormsApplication3", "WindowsFormsApplication3\WindowsFormsApplication3.csproj", "{3EA6DEE5-787E-4330-A496-134D49C17153}"
EndProject
Global
	GlobalSection(SolutionConfigurationPlatforms) = preSolution
		Debug|Any CPU = Debug|Any CPU
		Release|Any CPU = Release|Any CPU
	EndGlobalSection
	GlobalSection(ProjectConfigurationPlatforms) = postSolution
		{3EA6DEE5-787E-4330-A496-134D49C17153}.Debug|Any CPU.ActiveCfg = Debug|Any CPU
		{3EA6DEE5-787E-4330-A496-134D49C17153}.Debug|Any CPU.Build.0 = Debug|Any CPU
		{3EA6DEE5-787E-4330-A496-134D49C17153}.Release|Any CPU.ActiveCfg = Release|Any CPU
		{3EA6DEE5-787E-4330-A496-134D49C17153}.Release|Any CPU.Build.0 = Release|Any CPU
	EndGlobalSection
	GlobalSection(SolutionProperties) = preSolution
		HideSolutionNode = FALSE
	EndGlobalSection
EndGlobal
