
Microsoft Visual Studio Solution File, Format Version 10.00
# Visual Studio 2008
Project("{FAE04EC0-301F-11D3-BF4B-00C04F79EFBC}") = "set-xp", "set-xp\set-xp.csproj", "{1F6B14FD-9B1C-4ADA-845B-E163D0F1620D}"
EndProject
Global
	GlobalSection(SolutionConfigurationPlatforms) = preSolution
		Debug|Any CPU = Debug|Any CPU
		Release|Any CPU = Release|Any CPU
	EndGlobalSection
	GlobalSection(ProjectConfigurationPlatforms) = postSolution
		{1F6B14FD-9B1C-4ADA-845B-E163D0F1620D}.Debug|Any CPU.ActiveCfg = Debug|Any CPU
		{1F6B14FD-9B1C-4ADA-845B-E163D0F1620D}.Debug|Any CPU.Build.0 = Debug|Any CPU
		{1F6B14FD-9B1C-4ADA-845B-E163D0F1620D}.Release|Any CPU.ActiveCfg = Release|Any CPU
		{1F6B14FD-9B1C-4ADA-845B-E163D0F1620D}.Release|Any CPU.Build.0 = Release|Any CPU
	EndGlobalSection
	GlobalSection(SolutionProperties) = preSolution
		HideSolutionNode = FALSE
	EndGlobalSection
EndGlobal
