
Microsoft Visual Studio Solution File, Format Version 10.00
# Visual Studio 2008
Project("{FAE04EC0-301F-11D3-BF4B-00C04F79EFBC}") = "level thing", "level thing\level thing.csproj", "{AAD6B72F-8D4F-4F8D-9311-CABE9C13996C}"
EndProject
Global
	GlobalSection(SolutionConfigurationPlatforms) = preSolution
		Debug|Any CPU = Debug|Any CPU
		Release|Any CPU = Release|Any CPU
	EndGlobalSection
	GlobalSection(ProjectConfigurationPlatforms) = postSolution
		{AAD6B72F-8D4F-4F8D-9311-CABE9C13996C}.Debug|Any CPU.ActiveCfg = Debug|Any CPU
		{AAD6B72F-8D4F-4F8D-9311-CABE9C13996C}.Debug|Any CPU.Build.0 = Debug|Any CPU
		{AAD6B72F-8D4F-4F8D-9311-CABE9C13996C}.Release|Any CPU.ActiveCfg = Release|Any CPU
		{AAD6B72F-8D4F-4F8D-9311-CABE9C13996C}.Release|Any CPU.Build.0 = Release|Any CPU
	EndGlobalSection
	GlobalSection(SolutionProperties) = preSolution
		HideSolutionNode = FALSE
	EndGlobalSection
EndGlobal
