
Microsoft Visual Studio Solution File, Format Version 10.00
# Visual Studio 2008
Project("{FAE04EC0-301F-11D3-BF4B-00C04F79EFBC}") = "Project1", "Project1\Project1.csproj", "{09E3BA70-0FE8-4BAA-AC35-486BCBC03ED5}"
EndProject
Global
	GlobalSection(SolutionConfigurationPlatforms) = preSolution
		Debug|Any CPU = Debug|Any CPU
		Release|Any CPU = Release|Any CPU
	EndGlobalSection
	GlobalSection(ProjectConfigurationPlatforms) = postSolution
		{09E3BA70-0FE8-4BAA-AC35-486BCBC03ED5}.Debug|Any CPU.ActiveCfg = Debug|Any CPU
		{09E3BA70-0FE8-4BAA-AC35-486BCBC03ED5}.Debug|Any CPU.Build.0 = Debug|Any CPU
		{09E3BA70-0FE8-4BAA-AC35-486BCBC03ED5}.Release|Any CPU.ActiveCfg = Release|Any CPU
		{09E3BA70-0FE8-4BAA-AC35-486BCBC03ED5}.Release|Any CPU.Build.0 = Release|Any CPU
	EndGlobalSection
	GlobalSection(SolutionProperties) = preSolution
		HideSolutionNode = FALSE
	EndGlobalSection
EndGlobal
