
Microsoft Visual Studio Solution File, Format Version 10.00
# Visual Studio 2008
Project("{FAE04EC0-301F-11D3-BF4B-00C04F79EFBC}") = "search in richtext", "search in richtext\search in richtext.csproj", "{0180ECAB-93BC-4EC1-8ED4-49660DB25F3D}"
EndProject
Global
	GlobalSection(SolutionConfigurationPlatforms) = preSolution
		Debug|Any CPU = Debug|Any CPU
		Release|Any CPU = Release|Any CPU
	EndGlobalSection
	GlobalSection(ProjectConfigurationPlatforms) = postSolution
		{0180ECAB-93BC-4EC1-8ED4-49660DB25F3D}.Debug|Any CPU.ActiveCfg = Debug|Any CPU
		{0180ECAB-93BC-4EC1-8ED4-49660DB25F3D}.Debug|Any CPU.Build.0 = Debug|Any CPU
		{0180ECAB-93BC-4EC1-8ED4-49660DB25F3D}.Release|Any CPU.ActiveCfg = Release|Any CPU
		{0180ECAB-93BC-4EC1-8ED4-49660DB25F3D}.Release|Any CPU.Build.0 = Release|Any CPU
	EndGlobalSection
	GlobalSection(SolutionProperties) = preSolution
		HideSolutionNode = FALSE
	EndGlobalSection
EndGlobal
