
Microsoft Visual Studio Solution File, Format Version 10.00
# Visual Studio 2008
Project("{FAE04EC0-301F-11D3-BF4B-00C04F79EFBC}") = "PictureSlide", "PictureSlide\PictureSlide.csproj", "{EE31BCB6-55A9-444D-9FBD-5589C4A15BD9}"
EndProject
Global
	GlobalSection(SolutionConfigurationPlatforms) = preSolution
		Debug|Any CPU = Debug|Any CPU
		Release|Any CPU = Release|Any CPU
	EndGlobalSection
	GlobalSection(ProjectConfigurationPlatforms) = postSolution
		{EE31BCB6-55A9-444D-9FBD-5589C4A15BD9}.Debug|Any CPU.ActiveCfg = Debug|Any CPU
		{EE31BCB6-55A9-444D-9FBD-5589C4A15BD9}.Debug|Any CPU.Build.0 = Debug|Any CPU
		{EE31BCB6-55A9-444D-9FBD-5589C4A15BD9}.Release|Any CPU.ActiveCfg = Release|Any CPU
		{EE31BCB6-55A9-444D-9FBD-5589C4A15BD9}.Release|Any CPU.Build.0 = Release|Any CPU
	EndGlobalSection
	GlobalSection(SolutionProperties) = preSolution
		HideSolutionNode = FALSE
	EndGlobalSection
EndGlobal
