
Microsoft Visual Studio Solution File, Format Version 10.00
# Visual Studio 2008
Project("{FAE04EC0-301F-11D3-BF4B-00C04F79EFBC}") = "Timer Show", "Timer Show\Timer Show.csproj", "{7E825532-2662-48B0-9BFC-E22D53DA139E}"
EndProject
Global
	GlobalSection(SolutionConfigurationPlatforms) = preSolution
		Debug|Any CPU = Debug|Any CPU
		Release|Any CPU = Release|Any CPU
	EndGlobalSection
	GlobalSection(ProjectConfigurationPlatforms) = postSolution
		{7E825532-2662-48B0-9BFC-E22D53DA139E}.Debug|Any CPU.ActiveCfg = Debug|Any CPU
		{7E825532-2662-48B0-9BFC-E22D53DA139E}.Debug|Any CPU.Build.0 = Debug|Any CPU
		{7E825532-2662-48B0-9BFC-E22D53DA139E}.Release|Any CPU.ActiveCfg = Release|Any CPU
		{7E825532-2662-48B0-9BFC-E22D53DA139E}.Release|Any CPU.Build.0 = Release|Any CPU
	EndGlobalSection
	GlobalSection(SolutionProperties) = preSolution
		HideSolutionNode = FALSE
	EndGlobalSection
EndGlobal
