
Microsoft Visual Studio Solution File, Format Version 10.00
# Visual Studio 2008
Project("{FAE04EC0-301F-11D3-BF4B-00C04F79EFBC}") = "keydown", "keydown\keydown.csproj", "{7B2237ED-DD63-446B-8421-D3D9BE2AD196}"
EndProject
Global
	GlobalSection(SolutionConfigurationPlatforms) = preSolution
		Debug|Any CPU = Debug|Any CPU
		Release|Any CPU = Release|Any CPU
	EndGlobalSection
	GlobalSection(ProjectConfigurationPlatforms) = postSolution
		{7B2237ED-DD63-446B-8421-D3D9BE2AD196}.Debug|Any CPU.ActiveCfg = Debug|Any CPU
		{7B2237ED-DD63-446B-8421-D3D9BE2AD196}.Debug|Any CPU.Build.0 = Debug|Any CPU
		{7B2237ED-DD63-446B-8421-D3D9BE2AD196}.Release|Any CPU.ActiveCfg = Release|Any CPU
		{7B2237ED-DD63-446B-8421-D3D9BE2AD196}.Release|Any CPU.Build.0 = Release|Any CPU
	EndGlobalSection
	GlobalSection(SolutionProperties) = preSolution
		HideSolutionNode = FALSE
	EndGlobalSection
EndGlobal
