
Microsoft Visual Studio Solution File, Format Version 10.00
# Visual C# Express 2008
Project("{FAE04EC0-301F-11D3-BF4B-00C04F79EFBC}") = "ets", "ets\ets.csproj", "{4C517CA0-F335-41A1-99E8-00C0F9E163BC}"
EndProject
Global
	GlobalSection(SolutionConfigurationPlatforms) = preSolution
		Debug|Any CPU = Debug|Any CPU
		Release|Any CPU = Release|Any CPU
	EndGlobalSection
	GlobalSection(ProjectConfigurationPlatforms) = postSolution
		{4C517CA0-F335-41A1-99E8-00C0F9E163BC}.Debug|Any CPU.ActiveCfg = Debug|Any CPU
		{4C517CA0-F335-41A1-99E8-00C0F9E163BC}.Debug|Any CPU.Build.0 = Debug|Any CPU
		{4C517CA0-F335-41A1-99E8-00C0F9E163BC}.Release|Any CPU.ActiveCfg = Release|Any CPU
		{4C517CA0-F335-41A1-99E8-00C0F9E163BC}.Release|Any CPU.Build.0 = Release|Any CPU
	EndGlobalSection
	GlobalSection(SolutionProperties) = preSolution
		HideSolutionNode = FALSE
	EndGlobalSection
EndGlobal
