
Microsoft Visual Studio Solution File, Format Version 10.00
# Visual Studio 2008
Project("{FAE04EC0-301F-11D3-BF4B-00C04F79EFBC}") = "same-cs", "same-cs\same-cs.csproj", "{515E37FC-0893-4037-8B7A-CA14EA6C4515}"
EndProject
Global
	GlobalSection(SolutionConfigurationPlatforms) = preSolution
		Debug|Any CPU = Debug|Any CPU
		Release|Any CPU = Release|Any CPU
	EndGlobalSection
	GlobalSection(ProjectConfigurationPlatforms) = postSolution
		{515E37FC-0893-4037-8B7A-CA14EA6C4515}.Debug|Any CPU.ActiveCfg = Debug|Any CPU
		{515E37FC-0893-4037-8B7A-CA14EA6C4515}.Debug|Any CPU.Build.0 = Debug|Any CPU
		{515E37FC-0893-4037-8B7A-CA14EA6C4515}.Release|Any CPU.ActiveCfg = Release|Any CPU
		{515E37FC-0893-4037-8B7A-CA14EA6C4515}.Release|Any CPU.Build.0 = Release|Any CPU
	EndGlobalSection
	GlobalSection(SolutionProperties) = preSolution
		HideSolutionNode = FALSE
	EndGlobalSection
EndGlobal
