
Microsoft Visual Studio Solution File, Format Version 10.00
# Visual Studio 2008
Project("{FAE04EC0-301F-11D3-BF4B-00C04F79EFBC}") = "Toi-Dang_Muon-Gi", "Toi-Dang_Muon-Gi\Toi-Dang_Muon-Gi.csproj", "{C9B6A75E-B630-401F-9D51-30DFDBED09B4}"
EndProject
Global
	GlobalSection(SolutionConfigurationPlatforms) = preSolution
		Debug|Any CPU = Debug|Any CPU
		Release|Any CPU = Release|Any CPU
	EndGlobalSection
	GlobalSection(ProjectConfigurationPlatforms) = postSolution
		{C9B6A75E-B630-401F-9D51-30DFDBED09B4}.Debug|Any CPU.ActiveCfg = Debug|Any CPU
		{C9B6A75E-B630-401F-9D51-30DFDBED09B4}.Debug|Any CPU.Build.0 = Debug|Any CPU
		{C9B6A75E-B630-401F-9D51-30DFDBED09B4}.Release|Any CPU.ActiveCfg = Release|Any CPU
		{C9B6A75E-B630-401F-9D51-30DFDBED09B4}.Release|Any CPU.Build.0 = Release|Any CPU
	EndGlobalSection
	GlobalSection(SolutionProperties) = preSolution
		HideSolutionNode = FALSE
	EndGlobalSection
EndGlobal
