
Microsoft Visual Studio Solution File, Format Version 10.00
# Visual Studio 2008
Project("{FAE04EC0-301F-11D3-BF4B-00C04F79EFBC}") = "same-getpicin-rtf -errpr", "same-getpicin-rtf\same-getpicin-rtf -errpr.csproj", "{CFDE18D8-B515-4E3E-851A-DD72D2FC84BB}"
EndProject
Global
	GlobalSection(SolutionConfigurationPlatforms) = preSolution
		Debug|Any CPU = Debug|Any CPU
		Release|Any CPU = Release|Any CPU
	EndGlobalSection
	GlobalSection(ProjectConfigurationPlatforms) = postSolution
		{CFDE18D8-B515-4E3E-851A-DD72D2FC84BB}.Debug|Any CPU.ActiveCfg = Debug|Any CPU
		{CFDE18D8-B515-4E3E-851A-DD72D2FC84BB}.Debug|Any CPU.Build.0 = Debug|Any CPU
		{CFDE18D8-B515-4E3E-851A-DD72D2FC84BB}.Release|Any CPU.ActiveCfg = Release|Any CPU
		{CFDE18D8-B515-4E3E-851A-DD72D2FC84BB}.Release|Any CPU.Build.0 = Release|Any CPU
	EndGlobalSection
	GlobalSection(SolutionProperties) = preSolution
		HideSolutionNode = FALSE
	EndGlobalSection
EndGlobal
